
Microsoft Visual Studio Solution File, Format Version 12.00
# Visual Studio Version 16
VisualStudioVersion = 16.0.30711.63
MinimumVisualStudioVersion = 10.0.40219.1
Project("{9A19103F-16F7-4668-BE54-9A1E7A4F7556}") = "RegExtract", "RegExtract\RegExtract.csproj", "{7F764AB9-4BEA-4128-B1DA-17B51166715D}"
EndProject
Project("{FAE04EC0-301F-11D3-BF4B-00C04F79EFBC}") = "RegExtract.Test", "RegExtract.Test\RegExtract.Test.csproj", "{836F68E6-27F6-417F-B216-3B48BBE34862}"
EndProject
Global
	GlobalSection(SolutionConfigurationPlatforms) = preSolution
		Debug|Any CPU = Debug|Any CPU
		Release|Any CPU = Release|Any CPU
	EndGlobalSection
	GlobalSection(ProjectConfigurationPlatforms) = postSolution
		{7F764AB9-4BEA-4128-B1DA-17B51166715D}.Debug|Any CPU.ActiveCfg = Debug|Any CPU
		{7F764AB9-4BEA-4128-B1DA-17B51166715D}.Debug|Any CPU.Build.0 = Debug|Any CPU
		{7F764AB9-4BEA-4128-B1DA-17B51166715D}.Release|Any CPU.ActiveCfg = Release|Any CPU
		{7F764AB9-4BEA-4128-B1DA-17B51166715D}.Release|Any CPU.Build.0 = Release|Any CPU
		{836F68E6-27F6-417F-B216-3B48BBE34862}.Debug|Any CPU.ActiveCfg = Debug|Any CPU
		{836F68E6-27F6-417F-B216-3B48BBE34862}.Debug|Any CPU.Build.0 = Debug|Any CPU
		{836F68E6-27F6-417F-B216-3B48BBE34862}.Release|Any CPU.ActiveCfg = Release|Any CPU
		{836F68E6-27F6-417F-B216-3B48BBE34862}.Release|Any CPU.Build.0 = Release|Any CPU
	EndGlobalSection
	GlobalSection(SolutionProperties) = preSolution
		HideSolutionNode = FALSE
	EndGlobalSection
	GlobalSection(ExtensibilityGlobals) = postSolution
		SolutionGuid = {EC1F0F9D-41E7-458E-AF8A-74B6C9FFB231}
	EndGlobalSection
EndGlobal
